
Microsoft Visual Studio Solution File, Format Version 12.00
# Visual Studio 15
VisualStudioVersion = 15.0.27004.2010
MinimumVisualStudioVersion = 10.0.40219.1
Project("{2150E333-8FDC-42A3-9474-1A3956D46DE8}") = "src", "src", "{FF5D11FD-BA01-445C-87AC-E4F2C597F99A}"
EndProject
Project("{2150E333-8FDC-42A3-9474-1A3956D46DE8}") = "Solution Items", "Solution Items", "{342155A4-3626-46BC-A0E1-E13222FB9BBD}"
	ProjectSection(SolutionItems) = preProject
		.gitattributes = .gitattributes
		.gitignore = .gitignore
		appveyor.yml = appveyor.yml
		CHANGELOG.md = CHANGELOG.md
		LICENSE = LICENSE
		README.md = README.md
		Techl.licenseheader = Techl.licenseheader
	EndProjectSection
EndProject
Project("{2150E333-8FDC-42A3-9474-1A3956D46DE8}") = "Tests", "Tests", "{C278DE86-152D-4DAA-A775-0F345D9AEFD5}"
EndProject
Project("{9A19103F-16F7-4668-BE54-9A1E7A4F7556}") = "TechlOld.Web", "src\Techl.Web\TechlOld.Web.csproj", "{260AB183-4A23-4B4E-B296-DAD6D6FB69EA}"
EndProject
Project("{9A19103F-16F7-4668-BE54-9A1E7A4F7556}") = "Techl.Web.TestWeb", "Tests\Techl.Web.TestWeb\Techl.Web.TestWeb.csproj", "{3D3F0CE6-63F7-4C8E-BBF8-81CC29581EAB}"
EndProject
Project("{FAE04EC0-301F-11D3-BF4B-00C04F79EFBC}") = "Techl.Test", "Tests\Techl.Test\Techl.Test.csproj", "{14A23867-8617-40E0-9689-BB0E91BEC09A}"
EndProject
Project("{9A19103F-16F7-4668-BE54-9A1E7A4F7556}") = "Techl", "Techl\Techl.csproj", "{A609E53A-4FAE-40E0-ABA9-85253BE684FF}"
EndProject
Project("{FAE04EC0-301F-11D3-BF4B-00C04F79EFBC}") = "Techl.TestForm", "Tests\Techl.TestForm\Techl.TestForm.csproj", "{D58CF38B-E32C-402E-A229-E0B07BCBD561}"
EndProject
Project("{FAE04EC0-301F-11D3-BF4B-00C04F79EFBC}") = "Techl.Wpf", "Techl.Wpf\Techl.Wpf.csproj", "{F00D29E4-E080-43E0-8B97-9F28B91E302A}"
EndProject
Global
	GlobalSection(SolutionConfigurationPlatforms) = preSolution
		Debug|Any CPU = Debug|Any CPU
		Debug|ARM = Debug|ARM
		Debug|x64 = Debug|x64
		Debug|x86 = Debug|x86
		Release|Any CPU = Release|Any CPU
		Release|ARM = Release|ARM
		Release|x64 = Release|x64
		Release|x86 = Release|x86
	EndGlobalSection
	GlobalSection(ProjectConfigurationPlatforms) = postSolution
		{260AB183-4A23-4B4E-B296-DAD6D6FB69EA}.Debug|Any CPU.ActiveCfg = Debug|Any CPU
		{260AB183-4A23-4B4E-B296-DAD6D6FB69EA}.Debug|Any CPU.Build.0 = Debug|Any CPU
		{260AB183-4A23-4B4E-B296-DAD6D6FB69EA}.Debug|ARM.ActiveCfg = Debug|Any CPU
		{260AB183-4A23-4B4E-B296-DAD6D6FB69EA}.Debug|ARM.Build.0 = Debug|Any CPU
		{260AB183-4A23-4B4E-B296-DAD6D6FB69EA}.Debug|x64.ActiveCfg = Debug|Any CPU
		{260AB183-4A23-4B4E-B296-DAD6D6FB69EA}.Debug|x64.Build.0 = Debug|Any CPU
		{260AB183-4A23-4B4E-B296-DAD6D6FB69EA}.Debug|x86.ActiveCfg = Debug|Any CPU
		{260AB183-4A23-4B4E-B296-DAD6D6FB69EA}.Debug|x86.Build.0 = Debug|Any CPU
		{260AB183-4A23-4B4E-B296-DAD6D6FB69EA}.Release|Any CPU.ActiveCfg = Release|Any CPU
		{260AB183-4A23-4B4E-B296-DAD6D6FB69EA}.Release|Any CPU.Build.0 = Release|Any CPU
		{260AB183-4A23-4B4E-B296-DAD6D6FB69EA}.Release|ARM.ActiveCfg = Release|Any CPU
		{260AB183-4A23-4B4E-B296-DAD6D6FB69EA}.Release|ARM.Build.0 = Release|Any CPU
		{260AB183-4A23-4B4E-B296-DAD6D6FB69EA}.Release|x64.ActiveCfg = Release|Any CPU
		{260AB183-4A23-4B4E-B296-DAD6D6FB69EA}.Release|x64.Build.0 = Release|Any CPU
		{260AB183-4A23-4B4E-B296-DAD6D6FB69EA}.Release|x86.ActiveCfg = Release|Any CPU
		{260AB183-4A23-4B4E-B296-DAD6D6FB69EA}.Release|x86.Build.0 = Release|Any CPU
		{3D3F0CE6-63F7-4C8E-BBF8-81CC29581EAB}.Debug|Any CPU.ActiveCfg = Debug|Any CPU
		{3D3F0CE6-63F7-4C8E-BBF8-81CC29581EAB}.Debug|Any CPU.Build.0 = Debug|Any CPU
		{3D3F0CE6-63F7-4C8E-BBF8-81CC29581EAB}.Debug|ARM.ActiveCfg = Debug|Any CPU
		{3D3F0CE6-63F7-4C8E-BBF8-81CC29581EAB}.Debug|ARM.Build.0 = Debug|Any CPU
		{3D3F0CE6-63F7-4C8E-BBF8-81CC29581EAB}.Debug|x64.ActiveCfg = Debug|Any CPU
		{3D3F0CE6-63F7-4C8E-BBF8-81CC29581EAB}.Debug|x64.Build.0 = Debug|Any CPU
		{3D3F0CE6-63F7-4C8E-BBF8-81CC29581EAB}.Debug|x86.ActiveCfg = Debug|Any CPU
		{3D3F0CE6-63F7-4C8E-BBF8-81CC29581EAB}.Debug|x86.Build.0 = Debug|Any CPU
		{3D3F0CE6-63F7-4C8E-BBF8-81CC29581EAB}.Release|Any CPU.ActiveCfg = Release|Any CPU
		{3D3F0CE6-63F7-4C8E-BBF8-81CC29581EAB}.Release|Any CPU.Build.0 = Release|Any CPU
		{3D3F0CE6-63F7-4C8E-BBF8-81CC29581EAB}.Release|ARM.ActiveCfg = Release|Any CPU
		{3D3F0CE6-63F7-4C8E-BBF8-81CC29581EAB}.Release|ARM.Build.0 = Release|Any CPU
		{3D3F0CE6-63F7-4C8E-BBF8-81CC29581EAB}.Release|x64.ActiveCfg = Release|Any CPU
		{3D3F0CE6-63F7-4C8E-BBF8-81CC29581EAB}.Release|x64.Build.0 = Release|Any CPU
		{3D3F0CE6-63F7-4C8E-BBF8-81CC29581EAB}.Release|x86.ActiveCfg = Release|Any CPU
		{3D3F0CE6-63F7-4C8E-BBF8-81CC29581EAB}.Release|x86.Build.0 = Release|Any CPU
		{14A23867-8617-40E0-9689-BB0E91BEC09A}.Debug|Any CPU.ActiveCfg = Debug|Any CPU
		{14A23867-8617-40E0-9689-BB0E91BEC09A}.Debug|Any CPU.Build.0 = Debug|Any CPU
		{14A23867-8617-40E0-9689-BB0E91BEC09A}.Debug|ARM.ActiveCfg = Debug|Any CPU
		{14A23867-8617-40E0-9689-BB0E91BEC09A}.Debug|ARM.Build.0 = Debug|Any CPU
		{14A23867-8617-40E0-9689-BB0E91BEC09A}.Debug|x64.ActiveCfg = Debug|Any CPU
		{14A23867-8617-40E0-9689-BB0E91BEC09A}.Debug|x64.Build.0 = Debug|Any CPU
		{14A23867-8617-40E0-9689-BB0E91BEC09A}.Debug|x86.ActiveCfg = Debug|Any CPU
		{14A23867-8617-40E0-9689-BB0E91BEC09A}.Debug|x86.Build.0 = Debug|Any CPU
		{14A23867-8617-40E0-9689-BB0E91BEC09A}.Release|Any CPU.ActiveCfg = Release|Any CPU
		{14A23867-8617-40E0-9689-BB0E91BEC09A}.Release|Any CPU.Build.0 = Release|Any CPU
		{14A23867-8617-40E0-9689-BB0E91BEC09A}.Release|ARM.ActiveCfg = Release|Any CPU
		{14A23867-8617-40E0-9689-BB0E91BEC09A}.Release|ARM.Build.0 = Release|Any CPU
		{14A23867-8617-40E0-9689-BB0E91BEC09A}.Release|x64.ActiveCfg = Release|Any CPU
		{14A23867-8617-40E0-9689-BB0E91BEC09A}.Release|x64.Build.0 = Release|Any CPU
		{14A23867-8617-40E0-9689-BB0E91BEC09A}.Release|x86.ActiveCfg = Release|Any CPU
		{14A23867-8617-40E0-9689-BB0E91BEC09A}.Release|x86.Build.0 = Release|Any CPU
		{A609E53A-4FAE-40E0-ABA9-85253BE684FF}.Debug|Any CPU.ActiveCfg = Debug|Any CPU
		{A609E53A-4FAE-40E0-ABA9-85253BE684FF}.Debug|Any CPU.Build.0 = Debug|Any CPU
		{A609E53A-4FAE-40E0-ABA9-85253BE684FF}.Debug|ARM.ActiveCfg = Debug|Any CPU
		{A609E53A-4FAE-40E0-ABA9-85253BE684FF}.Debug|ARM.Build.0 = Debug|Any CPU
		{A609E53A-4FAE-40E0-ABA9-85253BE684FF}.Debug|x64.ActiveCfg = Debug|Any CPU
		{A609E53A-4FAE-40E0-ABA9-85253BE684FF}.Debug|x64.Build.0 = Debug|Any CPU
		{A609E53A-4FAE-40E0-ABA9-85253BE684FF}.Debug|x86.ActiveCfg = Debug|Any CPU
		{A609E53A-4FAE-40E0-ABA9-85253BE684FF}.Debug|x86.Build.0 = Debug|Any CPU
		{A609E53A-4FAE-40E0-ABA9-85253BE684FF}.Release|Any CPU.ActiveCfg = Release|Any CPU
		{A609E53A-4FAE-40E0-ABA9-85253BE684FF}.Release|Any CPU.Build.0 = Release|Any CPU
		{A609E53A-4FAE-40E0-ABA9-85253BE684FF}.Release|ARM.ActiveCfg = Release|Any CPU
		{A609E53A-4FAE-40E0-ABA9-85253BE684FF}.Release|ARM.Build.0 = Release|Any CPU
		{A609E53A-4FAE-40E0-ABA9-85253BE684FF}.Release|x64.ActiveCfg = Release|Any CPU
		{A609E53A-4FAE-40E0-ABA9-85253BE684FF}.Release|x64.Build.0 = Release|Any CPU
		{A609E53A-4FAE-40E0-ABA9-85253BE684FF}.Release|x86.ActiveCfg = Release|Any CPU
		{A609E53A-4FAE-40E0-ABA9-85253BE684FF}.Release|x86.Build.0 = Release|Any CPU
		{D58CF38B-E32C-402E-A229-E0B07BCBD561}.Debug|Any CPU.ActiveCfg = Debug|Any CPU
		{D58CF38B-E32C-402E-A229-E0B07BCBD561}.Debug|Any CPU.Build.0 = Debug|Any CPU
		{D58CF38B-E32C-402E-A229-E0B07BCBD561}.Debug|ARM.ActiveCfg = Debug|Any CPU
		{D58CF38B-E32C-402E-A229-E0B07BCBD561}.Debug|ARM.Build.0 = Debug|Any CPU
		{D58CF38B-E32C-402E-A229-E0B07BCBD561}.Debug|x64.ActiveCfg = Debug|Any CPU
		{D58CF38B-E32C-402E-A229-E0B07BCBD561}.Debug|x64.Build.0 = Debug|Any CPU
		{D58CF38B-E32C-402E-A229-E0B07BCBD561}.Debug|x86.ActiveCfg = Debug|Any CPU
		{D58CF38B-E32C-402E-A229-E0B07BCBD561}.Debug|x86.Build.0 = Debug|Any CPU
		{D58CF38B-E32C-402E-A229-E0B07BCBD561}.Release|Any CPU.ActiveCfg = Release|Any CPU
		{D58CF38B-E32C-402E-A229-E0B07BCBD561}.Release|Any CPU.Build.0 = Release|Any CPU
		{D58CF38B-E32C-402E-A229-E0B07BCBD561}.Release|ARM.ActiveCfg = Release|Any CPU
		{D58CF38B-E32C-402E-A229-E0B07BCBD561}.Release|ARM.Build.0 = Release|Any CPU
		{D58CF38B-E32C-402E-A229-E0B07BCBD561}.Release|x64.ActiveCfg = Release|Any CPU
		{D58CF38B-E32C-402E-A229-E0B07BCBD561}.Release|x64.Build.0 = Release|Any CPU
		{D58CF38B-E32C-402E-A229-E0B07BCBD561}.Release|x86.ActiveCfg = Release|Any CPU
		{D58CF38B-E32C-402E-A229-E0B07BCBD561}.Release|x86.Build.0 = Release|Any CPU
		{F00D29E4-E080-43E0-8B97-9F28B91E302A}.Debug|Any CPU.ActiveCfg = Debug|Any CPU
		{F00D29E4-E080-43E0-8B97-9F28B91E302A}.Debug|Any CPU.Build.0 = Debug|Any CPU
		{F00D29E4-E080-43E0-8B97-9F28B91E302A}.Debug|ARM.ActiveCfg = Debug|Any CPU
		{F00D29E4-E080-43E0-8B97-9F28B91E302A}.Debug|ARM.Build.0 = Debug|Any CPU
		{F00D29E4-E080-43E0-8B97-9F28B91E302A}.Debug|x64.ActiveCfg = Debug|Any CPU
		{F00D29E4-E080-43E0-8B97-9F28B91E302A}.Debug|x64.Build.0 = Debug|Any CPU
		{F00D29E4-E080-43E0-8B97-9F28B91E302A}.Debug|x86.ActiveCfg = Debug|Any CPU
		{F00D29E4-E080-43E0-8B97-9F28B91E302A}.Debug|x86.Build.0 = Debug|Any CPU
		{F00D29E4-E080-43E0-8B97-9F28B91E302A}.Release|Any CPU.ActiveCfg = Release|Any CPU
		{F00D29E4-E080-43E0-8B97-9F28B91E302A}.Release|Any CPU.Build.0 = Release|Any CPU
		{F00D29E4-E080-43E0-8B97-9F28B91E302A}.Release|ARM.ActiveCfg = Release|Any CPU
		{F00D29E4-E080-43E0-8B97-9F28B91E302A}.Release|ARM.Build.0 = Release|Any CPU
		{F00D29E4-E080-43E0-8B97-9F28B91E302A}.Release|x64.ActiveCfg = Release|Any CPU
		{F00D29E4-E080-43E0-8B97-9F28B91E302A}.Release|x64.Build.0 = Release|Any CPU
		{F00D29E4-E080-43E0-8B97-9F28B91E302A}.Release|x86.ActiveCfg = Release|Any CPU
		{F00D29E4-E080-43E0-8B97-9F28B91E302A}.Release|x86.Build.0 = Release|Any CPU
	EndGlobalSection
	GlobalSection(SolutionProperties) = preSolution
		HideSolutionNode = FALSE
	EndGlobalSection
	GlobalSection(NestedProjects) = preSolution
		{260AB183-4A23-4B4E-B296-DAD6D6FB69EA} = {FF5D11FD-BA01-445C-87AC-E4F2C597F99A}
		{3D3F0CE6-63F7-4C8E-BBF8-81CC29581EAB} = {C278DE86-152D-4DAA-A775-0F345D9AEFD5}
		{14A23867-8617-40E0-9689-BB0E91BEC09A} = {C278DE86-152D-4DAA-A775-0F345D9AEFD5}
		{D58CF38B-E32C-402E-A229-E0B07BCBD561} = {C278DE86-152D-4DAA-A775-0F345D9AEFD5}
	EndGlobalSection
	GlobalSection(ExtensibilityGlobals) = postSolution
		SolutionGuid = {2D385097-7609-4EDA-9D06-14AD90E41012}
	EndGlobalSection
EndGlobal
